
Microsoft Visual Studio Solution File, Format Version 12.00
# Visual Studio 15
VisualStudioVersion = 15.0.27130.2010
MinimumVisualStudioVersion = 10.0.40219.1
Project("{FAE04EC0-301F-11D3-BF4B-00C04F79EFBC}") = "HPlusSportsAPI", "HPlusSportsAPI\HPlusSportsAPI.csproj", "{8A152178-6DBD-43EA-8AE3-C6E58795ACC2}"
EndProject
Global
	GlobalSection(SolutionConfigurationPlatforms) = preSolution
		Debug|Any CPU = Debug|Any CPU
		Release|Any CPU = Release|Any CPU
	EndGlobalSection
	GlobalSection(ProjectConfigurationPlatforms) = postSolution
		{8A152178-6DBD-43EA-8AE3-C6E58795ACC2}.Debug|Any CPU.ActiveCfg = Debug|Any CPU
		{8A152178-6DBD-43EA-8AE3-C6E58795ACC2}.Debug|Any CPU.Build.0 = Debug|Any CPU
		{8A152178-6DBD-43EA-8AE3-C6E58795ACC2}.Release|Any CPU.ActiveCfg = Release|Any CPU
		{8A152178-6DBD-43EA-8AE3-C6E58795ACC2}.Release|Any CPU.Build.0 = Release|Any CPU
	EndGlobalSection
	GlobalSection(SolutionProperties) = preSolution
		HideSolutionNode = FALSE
	EndGlobalSection
	GlobalSection(ExtensibilityGlobals) = postSolution
		SolutionGuid = {1E5BEA5A-97D7-4DA6-B3F4-DD51E21EDF92}
	EndGlobalSection
EndGlobal
